// !$*UTF8*$!
{
	archiveVersion = 1;
	classes = {
	};
	objectVersion = 56;
	objects = {

/* Begin PBXBuildFile section */
		68A5AA1D2A5BB2BE00429B05 /* AppDelegate.swift in Sources */ = {isa = PBXBuildFile; fileRef = 68A5AA1C2A5BB2BE00429B05 /* AppDelegate.swift */; };
		68A5AA1F2A5BB2BE00429B05 /* SceneDelegate.swift in Sources */ = {isa = PBXBuildFile; fileRef = 68A5AA1E2A5BB2BE00429B05 /* SceneDelegate.swift */; };
		68A5AA212A5BB2BE00429B05 /* ViewController.swift in Sources */ = {isa = PBXBuildFile; fileRef = 68A5AA202A5BB2BE00429B05 /* ViewController.swift */; };
		68A5AA242A5BB2BE00429B05 /* Main.storyboard in Resources */ = {isa = PBXBuildFile; fileRef = 68A5AA222A5BB2BE00429B05 /* Main.storyboard */; };
		68A5AA262A5BB2BF00429B05 /* Assets.xcassets in Resources */ = {isa = PBXBuildFile; fileRef = 68A5AA252A5BB2BF00429B05 /* Assets.xcassets */; };
		68A5AA292A5BB2BF00429B05 /* LaunchScreen.storyboard in Resources */ = {isa = PBXBuildFile; fileRef = 68A5AA272A5BB2BF00429B05 /* LaunchScreen.storyboard */; };
		68A5AA312A5BEB9200429B05 /* DetectViewController.swift in Sources */ = {isa = PBXBuildFile; fileRef = 68A5AA302A5BEB9200429B05 /* DetectViewController.swift */; };
		68A5AA332A5BEBA700429B05 /* EditViewController.swift in Sources */ = {isa = PBXBuildFile; fileRef = 68A5AA322A5BEBA700429B05 /* EditViewController.swift */; };
		68A5AA352A5BEBCB00429B05 /* ImageViewController.swift in Sources */ = {isa = PBXBuildFile; fileRef = 68A5AA342A5BEBCB00429B05 /* ImageViewController.swift */; };
		68A5AA372A5BEC5B00429B05 /* AutoScanViewController.swift in Sources */ = {isa = PBXBuildFile; fileRef = 68A5AA362A5BEC5B00429B05 /* AutoScanViewController.swift */; };
		68A5AA572A5EA3A100429B05 /* ddn-mobile-sample.json in Resources */ = {isa = PBXBuildFile; fileRef = 68A5AA562A5EA3A100429B05 /* ddn-mobile-sample.json */; };
/* End PBXBuildFile section */

/* Begin PBXCopyFilesBuildPhase section */
		68A5AA502A5BED8300429B05 /* Embed Frameworks */ = {
			isa = PBXCopyFilesBuildPhase;
			buildActionMask = 2147483647;
			dstPath = "";
			dstSubfolderSpec = 10;
			files = (
			);
			name = "Embed Frameworks";
			runOnlyForDeploymentPostprocessing = 0;
		};
/* End PBXCopyFilesBuildPhase section */

/* Begin PBXFileReference section */
		68A5AA192A5BB2BE00429B05 /* HelloWorld.app */ = {isa = PBXFileReference; explicitFileType = wrapper.application; includeInIndex = 0; path = HelloWorld.app; sourceTree = BUILT_PRODUCTS_DIR; };
		68A5AA1C2A5BB2BE00429B05 /* AppDelegate.swift */ = {isa = PBXFileReference; lastKnownFileType = sourcecode.swift; path = AppDelegate.swift; sourceTree = "<group>"; };
		68A5AA1E2A5BB2BE00429B05 /* SceneDelegate.swift */ = {isa = PBXFileReference; lastKnownFileType = sourcecode.swift; path = SceneDelegate.swift; sourceTree = "<group>"; };
		68A5AA202A5BB2BE00429B05 /* ViewController.swift */ = {isa = PBXFileReference; lastKnownFileType = sourcecode.swift; path = ViewController.swift; sourceTree = "<group>"; };
		68A5AA232A5BB2BE00429B05 /* Base */ = {isa = PBXFileReference; lastKnownFileType = file.storyboard; name = Base; path = Base.lproj/Main.storyboard; sourceTree = "<group>"; };
		68A5AA252A5BB2BF00429B05 /* Assets.xcassets */ = {isa = PBXFileReference; lastKnownFileType = folder.assetcatalog; path = Assets.xcassets; sourceTree = "<group>"; };
		68A5AA282A5BB2BF00429B05 /* Base */ = {isa = PBXFileReference; lastKnownFileType = file.storyboard; name = Base; path = Base.lproj/LaunchScreen.storyboard; sourceTree = "<group>"; };
		68A5AA2A2A5BB2BF00429B05 /* Info.plist */ = {isa = PBXFileReference; lastKnownFileType = text.plist.xml; path = Info.plist; sourceTree = "<group>"; };
		68A5AA302A5BEB9200429B05 /* DetectViewController.swift */ = {isa = PBXFileReference; lastKnownFileType = sourcecode.swift; path = DetectViewController.swift; sourceTree = "<group>"; };
		68A5AA322A5BEBA700429B05 /* EditViewController.swift */ = {isa = PBXFileReference; lastKnownFileType = sourcecode.swift; path = EditViewController.swift; sourceTree = "<group>"; };
		68A5AA342A5BEBCB00429B05 /* ImageViewController.swift */ = {isa = PBXFileReference; lastKnownFileType = sourcecode.swift; path = ImageViewController.swift; sourceTree = "<group>"; };
		68A5AA362A5BEC5B00429B05 /* AutoScanViewController.swift */ = {isa = PBXFileReference; lastKnownFileType = sourcecode.swift; path = AutoScanViewController.swift; sourceTree = "<group>"; };
		68A5AA562A5EA3A100429B05 /* ddn-mobile-sample.json */ = {isa = PBXFileReference; fileEncoding = 4; lastKnownFileType = text.json; path = "ddn-mobile-sample.json"; sourceTree = "<group>"; };
/* End PBXFileReference section */

/* Begin PBXFrameworksBuildPhase section */
		68A5AA162A5BB2BE00429B05 /* Frameworks */ = {
			isa = PBXFrameworksBuildPhase;
			buildActionMask = 2147483647;
			files = (
			);
			runOnlyForDeploymentPostprocessing = 0;
		};
/* End PBXFrameworksBuildPhase section */

/* Begin PBXGroup section */
		680212FE2A6F9FAF00D8A576 /* Frameworks */ = {
			isa = PBXGroup;
			children = (
			);
			name = Frameworks;
			sourceTree = "<group>";
		};
		68A5AA102A5BB2BE00429B05 = {
			isa = PBXGroup;
			children = (
				68A5AA1B2A5BB2BE00429B05 /* HelloWorld */,
				68A5AA1A2A5BB2BE00429B05 /* Products */,
				680212FE2A6F9FAF00D8A576 /* Frameworks */,
			);
			sourceTree = "<group>";
		};
		68A5AA1A2A5BB2BE00429B05 /* Products */ = {
			isa = PBXGroup;
			children = (
				68A5AA192A5BB2BE00429B05 /* HelloWorld.app */,
			);
			name = Products;
			sourceTree = "<group>";
		};
		68A5AA1B2A5BB2BE00429B05 /* HelloWorld */ = {
			isa = PBXGroup;
			children = (
				68A5AA552A5EA2C200429B05 /* Resource */,
				68A5AA1C2A5BB2BE00429B05 /* AppDelegate.swift */,
				68A5AA1E2A5BB2BE00429B05 /* SceneDelegate.swift */,
				68A5AA202A5BB2BE00429B05 /* ViewController.swift */,
				68A5AA362A5BEC5B00429B05 /* AutoScanViewController.swift */,
				68A5AA302A5BEB9200429B05 /* DetectViewController.swift */,
				68A5AA322A5BEBA700429B05 /* EditViewController.swift */,
				68A5AA342A5BEBCB00429B05 /* ImageViewController.swift */,
				68A5AA222A5BB2BE00429B05 /* Main.storyboard */,
				68A5AA252A5BB2BF00429B05 /* Assets.xcassets */,
				68A5AA272A5BB2BF00429B05 /* LaunchScreen.storyboard */,
				68A5AA2A2A5BB2BF00429B05 /* Info.plist */,
			);
			path = HelloWorld;
			sourceTree = "<group>";
		};
		68A5AA552A5EA2C200429B05 /* Resource */ = {
			isa = PBXGroup;
			children = (
				68A5AA562A5EA3A100429B05 /* ddn-mobile-sample.json */,
			);
			path = Resource;
			sourceTree = "<group>";
		};
/* End PBXGroup section */

/* Begin PBXNativeTarget section */
		68A5AA182A5BB2BE00429B05 /* HelloWorld */ = {
			isa = PBXNativeTarget;
			buildConfigurationList = 68A5AA2D2A5BB2BF00429B05 /* Build configuration list for PBXNativeTarget "HelloWorld" */;
			buildPhases = (
				68A5AA152A5BB2BE00429B05 /* Sources */,
				68A5AA162A5BB2BE00429B05 /* Frameworks */,
				68A5AA172A5BB2BE00429B05 /* Resources */,
				68A5AA502A5BED8300429B05 /* Embed Frameworks */,
			);
			buildRules = (
			);
			dependencies = (
			);
			name = HelloWorld;
			productName = DocumentNormalizerSample;
			productReference = 68A5AA192A5BB2BE00429B05 /* HelloWorld.app */;
			productType = "com.apple.product-type.application";
		};
/* End PBXNativeTarget section */

/* Begin PBXProject section */
		68A5AA112A5BB2BE00429B05 /* Project object */ = {
			isa = PBXProject;
			attributes = {
				LastSwiftUpdateCheck = 1430;
				LastUpgradeCheck = 1430;
				TargetAttributes = {
					68A5AA182A5BB2BE00429B05 = {
						CreatedOnToolsVersion = 14.3;
					};
				};
			};
			buildConfigurationList = 68A5AA142A5BB2BE00429B05 /* Build configuration list for PBXProject "HelloWorld" */;
			compatibilityVersion = "Xcode 14.0";
			developmentRegion = en;
			hasScannedForEncodings = 0;
			knownRegions = (
				en,
				Base,
			);
			mainGroup = 68A5AA102A5BB2BE00429B05;
			productRefGroup = 68A5AA1A2A5BB2BE00429B05 /* Products */;
			projectDirPath = "";
			projectRoot = "";
			targets = (
				68A5AA182A5BB2BE00429B05 /* HelloWorld */,
			);
		};
/* End PBXProject section */

/* Begin PBXResourcesBuildPhase section */
		68A5AA172A5BB2BE00429B05 /* Resources */ = {
			isa = PBXResourcesBuildPhase;
			buildActionMask = 2147483647;
			files = (
				68A5AA572A5EA3A100429B05 /* ddn-mobile-sample.json in Resources */,
				68A5AA292A5BB2BF00429B05 /* LaunchScreen.storyboard in Resources */,
				68A5AA262A5BB2BF00429B05 /* Assets.xcassets in Resources */,
				68A5AA242A5BB2BE00429B05 /* Main.storyboard in Resources */,
			);
			runOnlyForDeploymentPostprocessing = 0;
		};
/* End PBXResourcesBuildPhase section */

/* Begin PBXSourcesBuildPhase section */
		68A5AA152A5BB2BE00429B05 /* Sources */ = {
			isa = PBXSourcesBuildPhase;
			buildActionMask = 2147483647;
			files = (
				68A5AA352A5BEBCB00429B05 /* ImageViewController.swift in Sources */,
				68A5AA332A5BEBA700429B05 /* EditViewController.swift in Sources */,
				68A5AA212A5BB2BE00429B05 /* ViewController.swift in Sources */,
				68A5AA312A5BEB9200429B05 /* DetectViewController.swift in Sources */,
				68A5AA372A5BEC5B00429B05 /* AutoScanViewController.swift in Sources */,
				68A5AA1D2A5BB2BE00429B05 /* AppDelegate.swift in Sources */,
				68A5AA1F2A5BB2BE00429B05 /* SceneDelegate.swift in Sources */,
			);
			runOnlyForDeploymentPostprocessing = 0;
		};
/* End PBXSourcesBuildPhase section */

/* Begin PBXVariantGroup section */
		68A5AA222A5BB2BE00429B05 /* Main.storyboard */ = {
			isa = PBXVariantGroup;
			children = (
				68A5AA232A5BB2BE00429B05 /* Base */,
			);
			name = Main.storyboard;
			sourceTree = "<group>";
		};
		68A5AA272A5BB2BF00429B05 /* LaunchScreen.storyboard */ = {
			isa = PBXVariantGroup;
			children = (
				68A5AA282A5BB2BF00429B05 /* Base */,
			);
			name = LaunchScreen.storyboard;
			sourceTree = "<group>";
		};
/* End PBXVariantGroup section */

/* Begin XCBuildConfiguration section */
		68A5AA2B2A5BB2BF00429B05 /* Debug */ = {
			isa = XCBuildConfiguration;
			buildSettings = {
				ALWAYS_SEARCH_USER_PATHS = NO;
				CLANG_ANALYZER_NONNULL = YES;
				CLANG_ANALYZER_NUMBER_OBJECT_CONVERSION = YES_AGGRESSIVE;
				CLANG_CXX_LANGUAGE_STANDARD = "gnu++20";
				CLANG_ENABLE_MODULES = YES;
				CLANG_ENABLE_OBJC_ARC = YES;
				CLANG_ENABLE_OBJC_WEAK = YES;
				CLANG_WARN_BLOCK_CAPTURE_AUTORELEASING = YES;
				CLANG_WARN_BOOL_CONVERSION = YES;
				CLANG_WARN_COMMA = YES;
				CLANG_WARN_CONSTANT_CONVERSION = YES;
				CLANG_WARN_DEPRECATED_OBJC_IMPLEMENTATIONS = YES;
				CLANG_WARN_DIRECT_OBJC_ISA_USAGE = YES_ERROR;
				CLANG_WARN_DOCUMENTATION_COMMENTS = YES;
				CLANG_WARN_EMPTY_BODY = YES;
				CLANG_WARN_ENUM_CONVERSION = YES;
				CLANG_WARN_INFINITE_RECURSION = YES;
				CLANG_WARN_INT_CONVERSION = YES;
				CLANG_WARN_NON_LITERAL_NULL_CONVERSION = YES;
				CLANG_WARN_OBJC_IMPLICIT_RETAIN_SELF = YES;
				CLANG_WARN_OBJC_LITERAL_CONVERSION = YES;
				CLANG_WARN_OBJC_ROOT_CLASS = YES_ERROR;
				CLANG_WARN_QUOTED_INCLUDE_IN_FRAMEWORK_HEADER = YES;
				CLANG_WARN_RANGE_LOOP_ANALYSIS = YES;
				CLANG_WARN_STRICT_PROTOTYPES = YES;
				CLANG_WARN_SUSPICIOUS_MOVE = YES;
				CLANG_WARN_UNGUARDED_AVAILABILITY = YES_AGGRESSIVE;
				CLANG_WARN_UNREACHABLE_CODE = YES;
				CLANG_WARN__DUPLICATE_METHOD_MATCH = YES;
				COPY_PHASE_STRIP = NO;
				DEBUG_INFORMATION_FORMAT = dwarf;
				ENABLE_STRICT_OBJC_MSGSEND = YES;
				ENABLE_TESTABILITY = YES;
				GCC_C_LANGUAGE_STANDARD = gnu11;
				GCC_DYNAMIC_NO_PIC = NO;
				GCC_NO_COMMON_BLOCKS = YES;
				GCC_OPTIMIZATION_LEVEL = 0;
				GCC_PREPROCESSOR_DEFINITIONS = (
					"DEBUG=1",
					"$(inherited)",
				);
				GCC_WARN_64_TO_32_BIT_CONVERSION = YES;
				GCC_WARN_ABOUT_RETURN_TYPE = YES_ERROR;
				GCC_WARN_UNDECLARED_SELECTOR = YES;
				GCC_WARN_UNINITIALIZED_AUTOS = YES_AGGRESSIVE;
				GCC_WARN_UNUSED_FUNCTION = YES;
				GCC_WARN_UNUSED_VARIABLE = YES;
				IPHONEOS_DEPLOYMENT_TARGET = 16.4;
				MTL_ENABLE_DEBUG_INFO = INCLUDE_SOURCE;
				MTL_FAST_MATH = YES;
				ONLY_ACTIVE_ARCH = YES;
				SDKROOT = iphoneos;
				SWIFT_ACTIVE_COMPILATION_CONDITIONS = DEBUG;
				SWIFT_OPTIMIZATION_LEVEL = "-Onone";
			};
			name = Debug;
		};
		68A5AA2C2A5BB2BF00429B05 /* Release */ = {
			isa = XCBuildConfiguration;
			buildSettings = {
				ALWAYS_SEARCH_USER_PATHS = NO;
				CLANG_ANALYZER_NONNULL = YES;
				CLANG_ANALYZER_NUMBER_OBJECT_CONVERSION = YES_AGGRESSIVE;
				CLANG_CXX_LANGUAGE_STANDARD = "gnu++20";
				CLANG_ENABLE_MODULES = YES;
				CLANG_ENABLE_OBJC_ARC = YES;
				CLANG_ENABLE_OBJC_WEAK = YES;
				CLANG_WARN_BLOCK_CAPTURE_AUTORELEASING = YES;
				CLANG_WARN_BOOL_CONVERSION = YES;
				CLANG_WARN_COMMA = YES;
				CLANG_WARN_CONSTANT_CONVERSION = YES;
				CLANG_WARN_DEPRECATED_OBJC_IMPLEMENTATIONS = YES;
				CLANG_WARN_DIRECT_OBJC_ISA_USAGE = YES_ERROR;
				CLANG_WARN_DOCUMENTATION_COMMENTS = YES;
				CLANG_WARN_EMPTY_BODY = YES;
				CLANG_WARN_ENUM_CONVERSION = YES;
				CLANG_WARN_INFINITE_RECURSION = YES;
				CLANG_WARN_INT_CONVERSION = YES;
				CLANG_WARN_NON_LITERAL_NULL_CONVERSION = YES;
				CLANG_WARN_OBJC_IMPLICIT_RETAIN_SELF = YES;
				CLANG_WARN_OBJC_LITERAL_CONVERSION = YES;
				CLANG_WARN_OBJC_ROOT_CLASS = YES_ERROR;
				CLANG_WARN_QUOTED_INCLUDE_IN_FRAMEWORK_HEADER = YES;
				CLANG_WARN_RANGE_LOOP_ANALYSIS = YES;
				CLANG_WARN_STRICT_PROTOTYPES = YES;
				CLANG_WARN_SUSPICIOUS_MOVE = YES;
				CLANG_WARN_UNGUARDED_AVAILABILITY = YES_AGGRESSIVE;
				CLANG_WARN_UNREACHABLE_CODE = YES;
				CLANG_WARN__DUPLICATE_METHOD_MATCH = YES;
				COPY_PHASE_STRIP = NO;
				DEBUG_INFORMATION_FORMAT = "dwarf-with-dsym";
				ENABLE_NS_ASSERTIONS = NO;
				ENABLE_STRICT_OBJC_MSGSEND = YES;
				GCC_C_LANGUAGE_STANDARD = gnu11;
				GCC_NO_COMMON_BLOCKS = YES;
				GCC_WARN_64_TO_32_BIT_CONVERSION = YES;
				GCC_WARN_ABOUT_RETURN_TYPE = YES_ERROR;
				GCC_WARN_UNDECLARED_SELECTOR = YES;
				GCC_WARN_UNINITIALIZED_AUTOS = YES_AGGRESSIVE;
				GCC_WARN_UNUSED_FUNCTION = YES;
				GCC_WARN_UNUSED_VARIABLE = YES;
				IPHONEOS_DEPLOYMENT_TARGET = 16.4;
				MTL_ENABLE_DEBUG_INFO = NO;
				MTL_FAST_MATH = YES;
				SDKROOT = iphoneos;
				SWIFT_COMPILATION_MODE = wholemodule;
				SWIFT_OPTIMIZATION_LEVEL = "-O";
				VALIDATE_PRODUCT = YES;
			};
			name = Release;
		};
		68A5AA2E2A5BB2BF00429B05 /* Debug */ = {
			isa = XCBuildConfiguration;
			buildSettings = {
				ASSETCATALOG_COMPILER_APPICON_NAME = AppIcon;
				ASSETCATALOG_COMPILER_GLOBAL_ACCENT_COLOR_NAME = AccentColor;
				CODE_SIGN_STYLE = Automatic;
				CURRENT_PROJECT_VERSION = 1;
				DEVELOPMENT_TEAM = W6PESGXW9M;
				FRAMEWORK_SEARCH_PATHS = "$(inherited)";
				GENERATE_INFOPLIST_FILE = YES;
				INFOPLIST_FILE = HelloWorld/Info.plist;
				INFOPLIST_KEY_NSCameraUsageDescription = "";
				INFOPLIST_KEY_UIApplicationSupportsIndirectInputEvents = YES;
				INFOPLIST_KEY_UILaunchStoryboardName = LaunchScreen;
				INFOPLIST_KEY_UIMainStoryboardFile = Main;
				INFOPLIST_KEY_UISupportedInterfaceOrientations_iPad = "UIInterfaceOrientationPortrait UIInterfaceOrientationPortraitUpsideDown UIInterfaceOrientationLandscapeLeft UIInterfaceOrientationLandscapeRight";
				INFOPLIST_KEY_UISupportedInterfaceOrientations_iPhone = "UIInterfaceOrientationPortrait UIInterfaceOrientationLandscapeLeft UIInterfaceOrientationLandscapeRight";
				IPHONEOS_DEPLOYMENT_TARGET = 13.0;
				LD_RUNPATH_SEARCH_PATHS = (
					"$(inherited)",
					"@executable_path/Frameworks",
				);
				MARKETING_VERSION = 1.0;
				PRODUCT_BUNDLE_IDENTIFIER = com.dynamsoft.ddn.HelloWorld;
				PRODUCT_NAME = "$(TARGET_NAME)";
				SWIFT_EMIT_LOC_STRINGS = YES;
				SWIFT_VERSION = 5.0;
				TARGETED_DEVICE_FAMILY = "1,2";
			};
			name = Debug;
		};
		68A5AA2F2A5BB2BF00429B05 /* Release */ = {
			isa = XCBuildConfiguration;
			buildSettings = {
				ASSETCATALOG_COMPILER_APPICON_NAME = AppIcon;
				ASSETCATALOG_COMPILER_GLOBAL_ACCENT_COLOR_NAME = AccentColor;
				CODE_SIGN_STYLE = Automatic;
				CURRENT_PROJECT_VERSION = 1;
				DEVELOPMENT_TEAM = W6PESGXW9M;
				FRAMEWORK_SEARCH_PATHS = "$(inherited)";
				GENERATE_INFOPLIST_FILE = YES;
				INFOPLIST_FILE = HelloWorld/Info.plist;
				INFOPLIST_KEY_NSCameraUsageDescription = "";
				INFOPLIST_KEY_UIApplicationSupportsIndirectInputEvents = YES;
				INFOPLIST_KEY_UILaunchStoryboardName = LaunchScreen;
				INFOPLIST_KEY_UIMainStoryboardFile = Main;
				INFOPLIST_KEY_UISupportedInterfaceOrientations_iPad = "UIInterfaceOrientationPortrait UIInterfaceOrientationPortraitUpsideDown UIInterfaceOrientationLandscapeLeft UIInterfaceOrientationLandscapeRight";
				INFOPLIST_KEY_UISupportedInterfaceOrientations_iPhone = "UIInterfaceOrientationPortrait UIInterfaceOrientationLandscapeLeft UIInterfaceOrientationLandscapeRight";
				IPHONEOS_DEPLOYMENT_TARGET = 13.0;
				LD_RUNPATH_SEARCH_PATHS = (
					"$(inherited)",
					"@executable_path/Frameworks",
				);
				MARKETING_VERSION = 1.0;
				PRODUCT_BUNDLE_IDENTIFIER = com.dynamsoft.ddn.HelloWorld;
				PRODUCT_NAME = "$(TARGET_NAME)";
				SWIFT_EMIT_LOC_STRINGS = YES;
				SWIFT_VERSION = 5.0;
				TARGETED_DEVICE_FAMILY = "1,2";
			};
			name = Release;
		};
/* End XCBuildConfiguration section */

/* Begin XCConfigurationList section */
		68A5AA142A5BB2BE00429B05 /* Build configuration list for PBXProject "HelloWorld" */ = {
			isa = XCConfigurationList;
			buildConfigurations = (
				68A5AA2B2A5BB2BF00429B05 /* Debug */,
				68A5AA2C2A5BB2BF00429B05 /* Release */,
			);
			defaultConfigurationIsVisible = 0;
			defaultConfigurationName = Release;
		};
		68A5AA2D2A5BB2BF00429B05 /* Build configuration list for PBXNativeTarget "HelloWorld" */ = {
			isa = XCConfigurationList;
			buildConfigurations = (
				68A5AA2E2A5BB2BF00429B05 /* Debug */,
				68A5AA2F2A5BB2BF00429B05 /* Release */,
			);
			defaultConfigurationIsVisible = 0;
			defaultConfigurationName = Release;
		};
/* End XCConfigurationList section */
	};
	rootObject = 68A5AA112A5BB2BE00429B05 /* Project object */;
}
