// !$*UTF8*$!
{
	archiveVersion = 1;
	classes = {
	};
	objectVersion = 46;
	objects = {

/* Begin PBXBuildFile section */
		0AD21E682A5BD75600843160 /* AppDelegate.m in Sources */ = {isa = PBXBuildFile; fileRef = 0AD21E672A5BD75600843160 /* AppDelegate.m */; };
		0AD21E712A5BD75600843160 /* Main.storyboard in Resources */ = {isa = PBXBuildFile; fileRef = 0AD21E6F2A5BD75600843160 /* Main.storyboard */; };
		0AD21E732A5BD75800843160 /* Assets.xcassets in Resources */ = {isa = PBXBuildFile; fileRef = 0AD21E722A5BD75800843160 /* Assets.xcassets */; };
		0AD21E762A5BD75800843160 /* LaunchScreen.storyboard in Resources */ = {isa = PBXBuildFile; fileRef = 0AD21E742A5BD75800843160 /* LaunchScreen.storyboard */; };
		0AD21E792A5BD75800843160 /* main.m in Sources */ = {isa = PBXBuildFile; fileRef = 0AD21E782A5BD75800843160 /* main.m */; };
		0AD21E882A5BDBA300843160 /* UIViewController+HideNavBackTitle.m in Sources */ = {isa = PBXBuildFile; fileRef = 0AD21E852A5BDBA300843160 /* UIViewController+HideNavBackTitle.m */; };
		0AD21E892A5BDBA300843160 /* UIView+FrameAdditions.m in Sources */ = {isa = PBXBuildFile; fileRef = 0AD21E862A5BDBA300843160 /* UIView+FrameAdditions.m */; };
		0AD21E8F2A5BDF2600843160 /* CameraViewController.m in Sources */ = {isa = PBXBuildFile; fileRef = 0AD21E8E2A5BDF2600843160 /* CameraViewController.m */; };
		0AD21EA62A5BF08500843160 /* DDNEditorViewController.m in Sources */ = {isa = PBXBuildFile; fileRef = 0AD21EA52A5BF08500843160 /* DDNEditorViewController.m */; };
		0AD21EA92A5BF5DD00843160 /* DDNNormalizeViewController.m in Sources */ = {isa = PBXBuildFile; fileRef = 0AD21EA82A5BF5DD00843160 /* DDNNormalizeViewController.m */; };
/* End PBXBuildFile section */

/* Begin PBXCopyFilesBuildPhase section */
		68B4F0542B22E83F00D972F5 /* Embed Frameworks */ = {
			isa = PBXCopyFilesBuildPhase;
			buildActionMask = 2147483647;
			dstPath = "";
			dstSubfolderSpec = 10;
			files = (
			);
			name = "Embed Frameworks";
			runOnlyForDeploymentPostprocessing = 0;
		};
/* End PBXCopyFilesBuildPhase section */

/* Begin PBXFileReference section */
		0AD21E632A5BD75600843160 /* EditAndNormalizeObjc.app */ = {isa = PBXFileReference; explicitFileType = wrapper.application; includeInIndex = 0; path = EditAndNormalizeObjc.app; sourceTree = BUILT_PRODUCTS_DIR; };
		0AD21E662A5BD75600843160 /* AppDelegate.h */ = {isa = PBXFileReference; lastKnownFileType = sourcecode.c.h; path = AppDelegate.h; sourceTree = "<group>"; };
		0AD21E672A5BD75600843160 /* AppDelegate.m */ = {isa = PBXFileReference; lastKnownFileType = sourcecode.c.objc; path = AppDelegate.m; sourceTree = "<group>"; };
		0AD21E702A5BD75600843160 /* Base */ = {isa = PBXFileReference; lastKnownFileType = file.storyboard; name = Base; path = Base.lproj/Main.storyboard; sourceTree = "<group>"; };
		0AD21E722A5BD75800843160 /* Assets.xcassets */ = {isa = PBXFileReference; lastKnownFileType = folder.assetcatalog; path = Assets.xcassets; sourceTree = "<group>"; };
		0AD21E752A5BD75800843160 /* Base */ = {isa = PBXFileReference; lastKnownFileType = file.storyboard; name = Base; path = Base.lproj/LaunchScreen.storyboard; sourceTree = "<group>"; };
		0AD21E772A5BD75800843160 /* Info.plist */ = {isa = PBXFileReference; lastKnownFileType = text.plist.xml; path = Info.plist; sourceTree = "<group>"; };
		0AD21E782A5BD75800843160 /* main.m */ = {isa = PBXFileReference; lastKnownFileType = sourcecode.c.objc; path = main.m; sourceTree = "<group>"; };
		0AD21E832A5BDB5300843160 /* Dynamsoft.pch */ = {isa = PBXFileReference; lastKnownFileType = sourcecode.c.h; path = Dynamsoft.pch; sourceTree = "<group>"; };
		0AD21E842A5BDBA300843160 /* UIView+FrameAdditions.h */ = {isa = PBXFileReference; fileEncoding = 4; lastKnownFileType = sourcecode.c.h; path = "UIView+FrameAdditions.h"; sourceTree = "<group>"; };
		0AD21E852A5BDBA300843160 /* UIViewController+HideNavBackTitle.m */ = {isa = PBXFileReference; fileEncoding = 4; lastKnownFileType = sourcecode.c.objc; path = "UIViewController+HideNavBackTitle.m"; sourceTree = "<group>"; };
		0AD21E862A5BDBA300843160 /* UIView+FrameAdditions.m */ = {isa = PBXFileReference; fileEncoding = 4; lastKnownFileType = sourcecode.c.objc; path = "UIView+FrameAdditions.m"; sourceTree = "<group>"; };
		0AD21E872A5BDBA300843160 /* UIViewController+HideNavBackTitle.h */ = {isa = PBXFileReference; fileEncoding = 4; lastKnownFileType = sourcecode.c.h; path = "UIViewController+HideNavBackTitle.h"; sourceTree = "<group>"; };
		0AD21E8D2A5BDF2600843160 /* CameraViewController.h */ = {isa = PBXFileReference; lastKnownFileType = sourcecode.c.h; path = CameraViewController.h; sourceTree = "<group>"; };
		0AD21E8E2A5BDF2600843160 /* CameraViewController.m */ = {isa = PBXFileReference; lastKnownFileType = sourcecode.c.objc; path = CameraViewController.m; sourceTree = "<group>"; };
		0AD21EA42A5BF08500843160 /* DDNEditorViewController.h */ = {isa = PBXFileReference; lastKnownFileType = sourcecode.c.h; path = DDNEditorViewController.h; sourceTree = "<group>"; };
		0AD21EA52A5BF08500843160 /* DDNEditorViewController.m */ = {isa = PBXFileReference; lastKnownFileType = sourcecode.c.objc; path = DDNEditorViewController.m; sourceTree = "<group>"; };
		0AD21EA72A5BF5DD00843160 /* DDNNormalizeViewController.h */ = {isa = PBXFileReference; lastKnownFileType = sourcecode.c.h; path = DDNNormalizeViewController.h; sourceTree = "<group>"; };
		0AD21EA82A5BF5DD00843160 /* DDNNormalizeViewController.m */ = {isa = PBXFileReference; lastKnownFileType = sourcecode.c.objc; path = DDNNormalizeViewController.m; sourceTree = "<group>"; };
/* End PBXFileReference section */

/* Begin PBXFrameworksBuildPhase section */
		0AD21E602A5BD75600843160 /* Frameworks */ = {
			isa = PBXFrameworksBuildPhase;
			buildActionMask = 2147483647;
			files = (
			);
			runOnlyForDeploymentPostprocessing = 0;
		};
/* End PBXFrameworksBuildPhase section */

/* Begin PBXGroup section */
		0AD21E5A2A5BD75600843160 = {
			isa = PBXGroup;
			children = (
				0AD21E652A5BD75600843160 /* EditAndNormalizeObjc */,
				0AD21E642A5BD75600843160 /* Products */,
				0AD21E902A5BE7F100843160 /* Frameworks */,
			);
			sourceTree = "<group>";
		};
		0AD21E642A5BD75600843160 /* Products */ = {
			isa = PBXGroup;
			children = (
				0AD21E632A5BD75600843160 /* EditAndNormalizeObjc.app */,
			);
			name = Products;
			sourceTree = "<group>";
		};
		0AD21E652A5BD75600843160 /* EditAndNormalizeObjc */ = {
			isa = PBXGroup;
			children = (
				0AD21E822A5BDA6400843160 /* PCH */,
				0AD21E812A5BDA5800843160 /* Category */,
				0AD21E802A5BDA4600843160 /* ViewControllers */,
				0AD21E662A5BD75600843160 /* AppDelegate.h */,
				0AD21E672A5BD75600843160 /* AppDelegate.m */,
				0AD21E6F2A5BD75600843160 /* Main.storyboard */,
				0AD21E722A5BD75800843160 /* Assets.xcassets */,
				0AD21E742A5BD75800843160 /* LaunchScreen.storyboard */,
				0AD21E772A5BD75800843160 /* Info.plist */,
				0AD21E782A5BD75800843160 /* main.m */,
			);
			path = EditAndNormalizeObjc;
			sourceTree = "<group>";
		};
		0AD21E802A5BDA4600843160 /* ViewControllers */ = {
			isa = PBXGroup;
			children = (
				0AD21E8D2A5BDF2600843160 /* CameraViewController.h */,
				0AD21E8E2A5BDF2600843160 /* CameraViewController.m */,
				0AD21EA42A5BF08500843160 /* DDNEditorViewController.h */,
				0AD21EA52A5BF08500843160 /* DDNEditorViewController.m */,
				0AD21EA72A5BF5DD00843160 /* DDNNormalizeViewController.h */,
				0AD21EA82A5BF5DD00843160 /* DDNNormalizeViewController.m */,
			);
			path = ViewControllers;
			sourceTree = "<group>";
		};
		0AD21E812A5BDA5800843160 /* Category */ = {
			isa = PBXGroup;
			children = (
				0AD21E842A5BDBA300843160 /* UIView+FrameAdditions.h */,
				0AD21E862A5BDBA300843160 /* UIView+FrameAdditions.m */,
				0AD21E872A5BDBA300843160 /* UIViewController+HideNavBackTitle.h */,
				0AD21E852A5BDBA300843160 /* UIViewController+HideNavBackTitle.m */,
			);
			path = Category;
			sourceTree = "<group>";
		};
		0AD21E822A5BDA6400843160 /* PCH */ = {
			isa = PBXGroup;
			children = (
				0AD21E832A5BDB5300843160 /* Dynamsoft.pch */,
			);
			path = PCH;
			sourceTree = "<group>";
		};
		0AD21E902A5BE7F100843160 /* Frameworks */ = {
			isa = PBXGroup;
			children = (
			);
			name = Frameworks;
			sourceTree = "<group>";
		};
/* End PBXGroup section */

/* Begin PBXNativeTarget section */
		0AD21E622A5BD75600843160 /* EditAndNormalizeObjc */ = {
			isa = PBXNativeTarget;
			buildConfigurationList = 0AD21E7C2A5BD75800843160 /* Build configuration list for PBXNativeTarget "EditAndNormalizeObjc" */;
			buildPhases = (
				0AD21E5F2A5BD75600843160 /* Sources */,
				0AD21E602A5BD75600843160 /* Frameworks */,
				0AD21E612A5BD75600843160 /* Resources */,
				68B4F0542B22E83F00D972F5 /* Embed Frameworks */,
			);
			buildRules = (
			);
			dependencies = (
			);
			name = EditAndNormalizeObjc;
			productName = HelloWorldObjC;
			productReference = 0AD21E632A5BD75600843160 /* EditAndNormalizeObjc.app */;
			productType = "com.apple.product-type.application";
		};
/* End PBXNativeTarget section */

/* Begin PBXProject section */
		0AD21E5B2A5BD75600843160 /* Project object */ = {
			isa = PBXProject;
			attributes = {
				LastUpgradeCheck = 1400;
				TargetAttributes = {
					0AD21E622A5BD75600843160 = {
						CreatedOnToolsVersion = 14.0.1;
					};
				};
			};
			buildConfigurationList = 0AD21E5E2A5BD75600843160 /* Build configuration list for PBXProject "EditAndNormalizeObjc" */;
			compatibilityVersion = "Xcode 14.0";
			developmentRegion = en;
			hasScannedForEncodings = 0;
			knownRegions = (
				en,
				Base,
			);
			mainGroup = 0AD21E5A2A5BD75600843160;
			productRefGroup = 0AD21E642A5BD75600843160 /* Products */;
			projectDirPath = "";
			projectRoot = "";
			targets = (
				0AD21E622A5BD75600843160 /* EditAndNormalizeObjc */,
			);
		};
/* End PBXProject section */

/* Begin PBXResourcesBuildPhase section */
		0AD21E612A5BD75600843160 /* Resources */ = {
			isa = PBXResourcesBuildPhase;
			buildActionMask = 2147483647;
			files = (
				0AD21E762A5BD75800843160 /* LaunchScreen.storyboard in Resources */,
				0AD21E732A5BD75800843160 /* Assets.xcassets in Resources */,
				0AD21E712A5BD75600843160 /* Main.storyboard in Resources */,
			);
			runOnlyForDeploymentPostprocessing = 0;
		};
/* End PBXResourcesBuildPhase section */

/* Begin PBXSourcesBuildPhase section */
		0AD21E5F2A5BD75600843160 /* Sources */ = {
			isa = PBXSourcesBuildPhase;
			buildActionMask = 2147483647;
			files = (
				0AD21E882A5BDBA300843160 /* UIViewController+HideNavBackTitle.m in Sources */,
				0AD21E682A5BD75600843160 /* AppDelegate.m in Sources */,
				0AD21E8F2A5BDF2600843160 /* CameraViewController.m in Sources */,
				0AD21E892A5BDBA300843160 /* UIView+FrameAdditions.m in Sources */,
				0AD21EA92A5BF5DD00843160 /* DDNNormalizeViewController.m in Sources */,
				0AD21E792A5BD75800843160 /* main.m in Sources */,
				0AD21EA62A5BF08500843160 /* DDNEditorViewController.m in Sources */,
			);
			runOnlyForDeploymentPostprocessing = 0;
		};
/* End PBXSourcesBuildPhase section */

/* Begin PBXVariantGroup section */
		0AD21E6F2A5BD75600843160 /* Main.storyboard */ = {
			isa = PBXVariantGroup;
			children = (
				0AD21E702A5BD75600843160 /* Base */,
			);
			name = Main.storyboard;
			sourceTree = "<group>";
		};
		0AD21E742A5BD75800843160 /* LaunchScreen.storyboard */ = {
			isa = PBXVariantGroup;
			children = (
				0AD21E752A5BD75800843160 /* Base */,
			);
			name = LaunchScreen.storyboard;
			sourceTree = "<group>";
		};
/* End PBXVariantGroup section */

/* Begin XCBuildConfiguration section */
		0AD21E7A2A5BD75800843160 /* Debug */ = {
			isa = XCBuildConfiguration;
			buildSettings = {
				ALWAYS_SEARCH_USER_PATHS = NO;
				CLANG_ANALYZER_NONNULL = YES;
				CLANG_ANALYZER_NUMBER_OBJECT_CONVERSION = YES_AGGRESSIVE;
				CLANG_CXX_LANGUAGE_STANDARD = "gnu++20";
				CLANG_ENABLE_MODULES = YES;
				CLANG_ENABLE_OBJC_ARC = YES;
				CLANG_ENABLE_OBJC_WEAK = YES;
				CLANG_WARN_BLOCK_CAPTURE_AUTORELEASING = YES;
				CLANG_WARN_BOOL_CONVERSION = YES;
				CLANG_WARN_COMMA = YES;
				CLANG_WARN_CONSTANT_CONVERSION = YES;
				CLANG_WARN_DEPRECATED_OBJC_IMPLEMENTATIONS = YES;
				CLANG_WARN_DIRECT_OBJC_ISA_USAGE = YES_ERROR;
				CLANG_WARN_DOCUMENTATION_COMMENTS = YES;
				CLANG_WARN_EMPTY_BODY = YES;
				CLANG_WARN_ENUM_CONVERSION = YES;
				CLANG_WARN_INFINITE_RECURSION = YES;
				CLANG_WARN_INT_CONVERSION = YES;
				CLANG_WARN_NON_LITERAL_NULL_CONVERSION = YES;
				CLANG_WARN_OBJC_IMPLICIT_RETAIN_SELF = YES;
				CLANG_WARN_OBJC_LITERAL_CONVERSION = YES;
				CLANG_WARN_OBJC_ROOT_CLASS = YES_ERROR;
				CLANG_WARN_QUOTED_INCLUDE_IN_FRAMEWORK_HEADER = YES;
				CLANG_WARN_RANGE_LOOP_ANALYSIS = YES;
				CLANG_WARN_STRICT_PROTOTYPES = YES;
				CLANG_WARN_SUSPICIOUS_MOVE = YES;
				CLANG_WARN_UNGUARDED_AVAILABILITY = YES_AGGRESSIVE;
				CLANG_WARN_UNREACHABLE_CODE = YES;
				CLANG_WARN__DUPLICATE_METHOD_MATCH = YES;
				COPY_PHASE_STRIP = NO;
				DEBUG_INFORMATION_FORMAT = dwarf;
				ENABLE_STRICT_OBJC_MSGSEND = YES;
				ENABLE_TESTABILITY = YES;
				GCC_C_LANGUAGE_STANDARD = gnu11;
				GCC_DYNAMIC_NO_PIC = NO;
				GCC_NO_COMMON_BLOCKS = YES;
				GCC_OPTIMIZATION_LEVEL = 0;
				GCC_PREPROCESSOR_DEFINITIONS = (
					"DEBUG=1",
					"$(inherited)",
				);
				GCC_WARN_64_TO_32_BIT_CONVERSION = YES;
				GCC_WARN_ABOUT_RETURN_TYPE = YES_ERROR;
				GCC_WARN_UNDECLARED_SELECTOR = YES;
				GCC_WARN_UNINITIALIZED_AUTOS = YES_AGGRESSIVE;
				GCC_WARN_UNUSED_FUNCTION = YES;
				GCC_WARN_UNUSED_VARIABLE = YES;
				IPHONEOS_DEPLOYMENT_TARGET = 16.0;
				MTL_ENABLE_DEBUG_INFO = INCLUDE_SOURCE;
				MTL_FAST_MATH = YES;
				ONLY_ACTIVE_ARCH = YES;
				SDKROOT = iphoneos;
			};
			name = Debug;
		};
		0AD21E7B2A5BD75800843160 /* Release */ = {
			isa = XCBuildConfiguration;
			buildSettings = {
				ALWAYS_SEARCH_USER_PATHS = NO;
				CLANG_ANALYZER_NONNULL = YES;
				CLANG_ANALYZER_NUMBER_OBJECT_CONVERSION = YES_AGGRESSIVE;
				CLANG_CXX_LANGUAGE_STANDARD = "gnu++20";
				CLANG_ENABLE_MODULES = YES;
				CLANG_ENABLE_OBJC_ARC = YES;
				CLANG_ENABLE_OBJC_WEAK = YES;
				CLANG_WARN_BLOCK_CAPTURE_AUTORELEASING = YES;
				CLANG_WARN_BOOL_CONVERSION = YES;
				CLANG_WARN_COMMA = YES;
				CLANG_WARN_CONSTANT_CONVERSION = YES;
				CLANG_WARN_DEPRECATED_OBJC_IMPLEMENTATIONS = YES;
				CLANG_WARN_DIRECT_OBJC_ISA_USAGE = YES_ERROR;
				CLANG_WARN_DOCUMENTATION_COMMENTS = YES;
				CLANG_WARN_EMPTY_BODY = YES;
				CLANG_WARN_ENUM_CONVERSION = YES;
				CLANG_WARN_INFINITE_RECURSION = YES;
				CLANG_WARN_INT_CONVERSION = YES;
				CLANG_WARN_NON_LITERAL_NULL_CONVERSION = YES;
				CLANG_WARN_OBJC_IMPLICIT_RETAIN_SELF = YES;
				CLANG_WARN_OBJC_LITERAL_CONVERSION = YES;
				CLANG_WARN_OBJC_ROOT_CLASS = YES_ERROR;
				CLANG_WARN_QUOTED_INCLUDE_IN_FRAMEWORK_HEADER = YES;
				CLANG_WARN_RANGE_LOOP_ANALYSIS = YES;
				CLANG_WARN_STRICT_PROTOTYPES = YES;
				CLANG_WARN_SUSPICIOUS_MOVE = YES;
				CLANG_WARN_UNGUARDED_AVAILABILITY = YES_AGGRESSIVE;
				CLANG_WARN_UNREACHABLE_CODE = YES;
				CLANG_WARN__DUPLICATE_METHOD_MATCH = YES;
				COPY_PHASE_STRIP = NO;
				DEBUG_INFORMATION_FORMAT = "dwarf-with-dsym";
				ENABLE_NS_ASSERTIONS = NO;
				ENABLE_STRICT_OBJC_MSGSEND = YES;
				GCC_C_LANGUAGE_STANDARD = gnu11;
				GCC_NO_COMMON_BLOCKS = YES;
				GCC_WARN_64_TO_32_BIT_CONVERSION = YES;
				GCC_WARN_ABOUT_RETURN_TYPE = YES_ERROR;
				GCC_WARN_UNDECLARED_SELECTOR = YES;
				GCC_WARN_UNINITIALIZED_AUTOS = YES_AGGRESSIVE;
				GCC_WARN_UNUSED_FUNCTION = YES;
				GCC_WARN_UNUSED_VARIABLE = YES;
				IPHONEOS_DEPLOYMENT_TARGET = 16.0;
				MTL_ENABLE_DEBUG_INFO = NO;
				MTL_FAST_MATH = YES;
				SDKROOT = iphoneos;
				VALIDATE_PRODUCT = YES;
			};
			name = Release;
		};
		0AD21E7D2A5BD75800843160 /* Debug */ = {
			isa = XCBuildConfiguration;
			buildSettings = {
				ASSETCATALOG_COMPILER_APPICON_NAME = AppIcon;
				ASSETCATALOG_COMPILER_GLOBAL_ACCENT_COLOR_NAME = AccentColor;
				CODE_SIGN_STYLE = Automatic;
				CURRENT_PROJECT_VERSION = 1;
				DEVELOPMENT_TEAM = W6PESGXW9M;
				FRAMEWORK_SEARCH_PATHS = "$(inherited)";
				GCC_PREFIX_HEADER = "$(SRCROOT)/EditAndNormalizeObjc/PCH/Dynamsoft.pch";
				GENERATE_INFOPLIST_FILE = YES;
				INFOPLIST_FILE = EditAndNormalizeObjc/Info.plist;
				INFOPLIST_KEY_CFBundleDisplayName = EditAndNormalizeObjc;
				INFOPLIST_KEY_NSCameraUsageDescription = "EditAndNormalizeObjc Sample needs to access your camera.";
				INFOPLIST_KEY_UIApplicationSupportsIndirectInputEvents = YES;
				INFOPLIST_KEY_UILaunchStoryboardName = LaunchScreen;
				INFOPLIST_KEY_UIMainStoryboardFile = Main;
				INFOPLIST_KEY_UIRequiresFullScreen = NO;
				INFOPLIST_KEY_UIStatusBarStyle = UIStatusBarStyleLightContent;
				INFOPLIST_KEY_UISupportedInterfaceOrientations = UIInterfaceOrientationPortrait;
				IPHONEOS_DEPLOYMENT_TARGET = 13.0;
				LD_RUNPATH_SEARCH_PATHS = (
					"$(inherited)",
					"@executable_path/Frameworks",
				);
				MARKETING_VERSION = 1.0;
				PRODUCT_BUNDLE_IDENTIFIER = com.dynamsoft.ddn.EditAndNormalizeObjc;
				PRODUCT_NAME = "$(TARGET_NAME)";
				SWIFT_EMIT_LOC_STRINGS = YES;
				TARGETED_DEVICE_FAMILY = "1,2";
			};
			name = Debug;
		};
		0AD21E7E2A5BD75800843160 /* Release */ = {
			isa = XCBuildConfiguration;
			buildSettings = {
				ASSETCATALOG_COMPILER_APPICON_NAME = AppIcon;
				ASSETCATALOG_COMPILER_GLOBAL_ACCENT_COLOR_NAME = AccentColor;
				CODE_SIGN_STYLE = Automatic;
				CURRENT_PROJECT_VERSION = 1;
				DEVELOPMENT_TEAM = W6PESGXW9M;
				FRAMEWORK_SEARCH_PATHS = "$(inherited)";
				GCC_PREFIX_HEADER = "$(SRCROOT)/EditAndNormalizeObjc/PCH/Dynamsoft.pch";
				GENERATE_INFOPLIST_FILE = YES;
				INFOPLIST_FILE = EditAndNormalizeObjc/Info.plist;
				INFOPLIST_KEY_CFBundleDisplayName = EditAndNormalizeObjc;
				INFOPLIST_KEY_NSCameraUsageDescription = "EditAndNormalizeObjc Sample needs to access your camera.";
				INFOPLIST_KEY_UIApplicationSupportsIndirectInputEvents = YES;
				INFOPLIST_KEY_UILaunchStoryboardName = LaunchScreen;
				INFOPLIST_KEY_UIMainStoryboardFile = Main;
				INFOPLIST_KEY_UIRequiresFullScreen = NO;
				INFOPLIST_KEY_UIStatusBarStyle = UIStatusBarStyleLightContent;
				INFOPLIST_KEY_UISupportedInterfaceOrientations = UIInterfaceOrientationPortrait;
				IPHONEOS_DEPLOYMENT_TARGET = 13.0;
				LD_RUNPATH_SEARCH_PATHS = (
					"$(inherited)",
					"@executable_path/Frameworks",
				);
				MARKETING_VERSION = 1.0;
				PRODUCT_BUNDLE_IDENTIFIER = com.dynamsoft.ddn.EditAndNormalizeObjc;
				PRODUCT_NAME = "$(TARGET_NAME)";
				SWIFT_EMIT_LOC_STRINGS = YES;
				TARGETED_DEVICE_FAMILY = "1,2";
			};
			name = Release;
		};
/* End XCBuildConfiguration section */

/* Begin XCConfigurationList section */
		0AD21E5E2A5BD75600843160 /* Build configuration list for PBXProject "EditAndNormalizeObjc" */ = {
			isa = XCConfigurationList;
			buildConfigurations = (
				0AD21E7A2A5BD75800843160 /* Debug */,
				0AD21E7B2A5BD75800843160 /* Release */,
			);
			defaultConfigurationIsVisible = 0;
			defaultConfigurationName = Release;
		};
		0AD21E7C2A5BD75800843160 /* Build configuration list for PBXNativeTarget "EditAndNormalizeObjc" */ = {
			isa = XCConfigurationList;
			buildConfigurations = (
				0AD21E7D2A5BD75800843160 /* Debug */,
				0AD21E7E2A5BD75800843160 /* Release */,
			);
			defaultConfigurationIsVisible = 0;
			defaultConfigurationName = Release;
		};
/* End XCConfigurationList section */
	};
	rootObject = 0AD21E5B2A5BD75600843160 /* Project object */;
}
